
Microsoft Visual Studio Solution File, Format Version 12.00
# Visual Studio Version 17
VisualStudioVersion = 17.14.36221.1 d17.14
MinimumVisualStudioVersion = 10.0.40219.1
Project("{FAE04EC0-301F-11D3-BF4B-00C04F79EFBC}") = "PackageDeliverySystem", "PackageDeliverySystem\PackageDeliverySystem.csproj", "{4229FA29-4353-4667-B8FF-0503346A9C6C}"
EndProject
Global
	GlobalSection(SolutionConfigurationPlatforms) = preSolution
		Debug|Any CPU = Debug|Any CPU
		Release|Any CPU = Release|Any CPU
	EndGlobalSection
	GlobalSection(ProjectConfigurationPlatforms) = postSolution
		{4229FA29-4353-4667-B8FF-0503346A9C6C}.Debug|Any CPU.ActiveCfg = Debug|Any CPU
		{4229FA29-4353-4667-B8FF-0503346A9C6C}.Debug|Any CPU.Build.0 = Debug|Any CPU
		{4229FA29-4353-4667-B8FF-0503346A9C6C}.Release|Any CPU.ActiveCfg = Release|Any CPU
		{4229FA29-4353-4667-B8FF-0503346A9C6C}.Release|Any CPU.Build.0 = Release|Any CPU
	EndGlobalSection
	GlobalSection(SolutionProperties) = preSolution
		HideSolutionNode = FALSE
	EndGlobalSection
	GlobalSection(ExtensibilityGlobals) = postSolution
		SolutionGuid = {8B89C6EF-26D7-4877-8B04-BE7A7D376125}
	EndGlobalSection
EndGlobal
